
Microsoft Visual Studio Solution File, Format Version 12.00
# Visual Studio Version 17
VisualStudioVersion = 17.12.35527.113
MinimumVisualStudioVersion = 10.0.40219.1
Project("{FAE04EC0-301F-11D3-BF4B-00C04F79EFBC}") = "Wes.Source", "..\Wes.Source\Wes.Source.csproj", "{D5C2DDA8-87E8-4CBB-96FF-24C8583D5477}"
EndProject
Project("{2150E333-8FDC-42A3-9474-1A3956D46DE8}") = "Modules", "Modules", "{EDF05D0F-D3AB-47D4-A807-6F69D367C71C}"
EndProject
Project("{2150E333-8FDC-42A3-9474-1A3956D46DE8}") = "Common", "Common", "{C695654F-6AEC-4B85-94BA-5A4EA201BB24}"
EndProject
Project("{FAE04EC0-301F-11D3-BF4B-00C04F79EFBC}") = "Common.Presentation", "..\Evently.Common.Presentation\Common.Presentation.csproj", "{25CCC52A-55F0-4C02-A7D6-FC41861E3D08}"
EndProject
Project("{FAE04EC0-301F-11D3-BF4B-00C04F79EFBC}") = "Common.Application", "..\Common.Application\Common.Application.csproj", "{08ED88FA-F2C0-43A4-829E-985C3990C982}"
EndProject
Project("{2150E333-8FDC-42A3-9474-1A3956D46DE8}") = "Communication", "Communication", "{76AC007D-D28E-4BA6-8B4E-721DC46C4905}"
EndProject
Project("{FAE04EC0-301F-11D3-BF4B-00C04F79EFBC}") = "Common", "Common\Common.csproj", "{6BD8D1E2-A6CE-40B9-9A84-455336CF8034}"
EndProject
Project("{FAE04EC0-301F-11D3-BF4B-00C04F79EFBC}") = "Common.Domain", "Common.Domain\Common.Domain.csproj", "{4F518E89-A612-4ED7-AF50-5AD2C87B9DC4}"
EndProject
Project("{FAE04EC0-301F-11D3-BF4B-00C04F79EFBC}") = "Common.Infrastructure", "Common.Infrastructure\Common.Infrastructure.csproj", "{E940956C-BD2C-4720-BD6C-5798FBF81C02}"
EndProject
Project("{FAE04EC0-301F-11D3-BF4B-00C04F79EFBC}") = "WCS.Application", "WCS.Application\WCS.Application.csproj", "{C770F9E5-9F2D-4869-AF1C-AE7E2BE2886B}"
EndProject
Project("{FAE04EC0-301F-11D3-BF4B-00C04F79EFBC}") = "WCS.Domain", "WCS.Domain\WCS.Domain.csproj", "{E6783A26-49E1-456E-AC83-AE42F9D4F8C4}"
EndProject
Project("{FAE04EC0-301F-11D3-BF4B-00C04F79EFBC}") = "WCS.Infrastructure", "WCS.Infrastructure\WCS.Infrastructure.csproj", "{5EB214E9-0529-4C80-845C-6E799110C216}"
EndProject
Project("{FAE04EC0-301F-11D3-BF4B-00C04F79EFBC}") = "WCS.Shared", "WCS.Shared\WCS.Shared.csproj", "{DB9EE31A-445D-40E7-8A91-7CDD6E2D50E0}"
EndProject
Project("{FAE04EC0-301F-11D3-BF4B-00C04F79EFBC}") = "Common.Shared", "Common\Common.Shared\Common.Shared.csproj", "{B2E5E047-8E2F-4FF3-84A1-2E93D68A80F9}"
EndProject
Global
	GlobalSection(SolutionConfigurationPlatforms) = preSolution
		Debug|Any CPU = Debug|Any CPU
		Release|Any CPU = Release|Any CPU
	EndGlobalSection
	GlobalSection(ProjectConfigurationPlatforms) = postSolution
		{D5C2DDA8-87E8-4CBB-96FF-24C8583D5477}.Debug|Any CPU.ActiveCfg = Debug|Any CPU
		{D5C2DDA8-87E8-4CBB-96FF-24C8583D5477}.Debug|Any CPU.Build.0 = Debug|Any CPU
		{D5C2DDA8-87E8-4CBB-96FF-24C8583D5477}.Release|Any CPU.ActiveCfg = Release|Any CPU
		{D5C2DDA8-87E8-4CBB-96FF-24C8583D5477}.Release|Any CPU.Build.0 = Release|Any CPU
		{25CCC52A-55F0-4C02-A7D6-FC41861E3D08}.Debug|Any CPU.ActiveCfg = Debug|Any CPU
		{25CCC52A-55F0-4C02-A7D6-FC41861E3D08}.Debug|Any CPU.Build.0 = Debug|Any CPU
		{25CCC52A-55F0-4C02-A7D6-FC41861E3D08}.Release|Any CPU.ActiveCfg = Release|Any CPU
		{25CCC52A-55F0-4C02-A7D6-FC41861E3D08}.Release|Any CPU.Build.0 = Release|Any CPU
		{08ED88FA-F2C0-43A4-829E-985C3990C982}.Debug|Any CPU.ActiveCfg = Debug|Any CPU
		{08ED88FA-F2C0-43A4-829E-985C3990C982}.Debug|Any CPU.Build.0 = Debug|Any CPU
		{08ED88FA-F2C0-43A4-829E-985C3990C982}.Release|Any CPU.ActiveCfg = Release|Any CPU
		{08ED88FA-F2C0-43A4-829E-985C3990C982}.Release|Any CPU.Build.0 = Release|Any CPU
		{6BD8D1E2-A6CE-40B9-9A84-455336CF8034}.Debug|Any CPU.ActiveCfg = Debug|Any CPU
		{6BD8D1E2-A6CE-40B9-9A84-455336CF8034}.Debug|Any CPU.Build.0 = Debug|Any CPU
		{6BD8D1E2-A6CE-40B9-9A84-455336CF8034}.Release|Any CPU.ActiveCfg = Release|Any CPU
		{6BD8D1E2-A6CE-40B9-9A84-455336CF8034}.Release|Any CPU.Build.0 = Release|Any CPU
		{4F518E89-A612-4ED7-AF50-5AD2C87B9DC4}.Debug|Any CPU.ActiveCfg = Debug|Any CPU
		{4F518E89-A612-4ED7-AF50-5AD2C87B9DC4}.Debug|Any CPU.Build.0 = Debug|Any CPU
		{4F518E89-A612-4ED7-AF50-5AD2C87B9DC4}.Release|Any CPU.ActiveCfg = Release|Any CPU
		{4F518E89-A612-4ED7-AF50-5AD2C87B9DC4}.Release|Any CPU.Build.0 = Release|Any CPU
		{E940956C-BD2C-4720-BD6C-5798FBF81C02}.Debug|Any CPU.ActiveCfg = Debug|Any CPU
		{E940956C-BD2C-4720-BD6C-5798FBF81C02}.Debug|Any CPU.Build.0 = Debug|Any CPU
		{E940956C-BD2C-4720-BD6C-5798FBF81C02}.Release|Any CPU.ActiveCfg = Release|Any CPU
		{E940956C-BD2C-4720-BD6C-5798FBF81C02}.Release|Any CPU.Build.0 = Release|Any CPU
		{C770F9E5-9F2D-4869-AF1C-AE7E2BE2886B}.Debug|Any CPU.ActiveCfg = Debug|Any CPU
		{C770F9E5-9F2D-4869-AF1C-AE7E2BE2886B}.Debug|Any CPU.Build.0 = Debug|Any CPU
		{C770F9E5-9F2D-4869-AF1C-AE7E2BE2886B}.Release|Any CPU.ActiveCfg = Release|Any CPU
		{C770F9E5-9F2D-4869-AF1C-AE7E2BE2886B}.Release|Any CPU.Build.0 = Release|Any CPU
		{E6783A26-49E1-456E-AC83-AE42F9D4F8C4}.Debug|Any CPU.ActiveCfg = Debug|Any CPU
		{E6783A26-49E1-456E-AC83-AE42F9D4F8C4}.Debug|Any CPU.Build.0 = Debug|Any CPU
		{E6783A26-49E1-456E-AC83-AE42F9D4F8C4}.Release|Any CPU.ActiveCfg = Release|Any CPU
		{E6783A26-49E1-456E-AC83-AE42F9D4F8C4}.Release|Any CPU.Build.0 = Release|Any CPU
		{5EB214E9-0529-4C80-845C-6E799110C216}.Debug|Any CPU.ActiveCfg = Debug|Any CPU
		{5EB214E9-0529-4C80-845C-6E799110C216}.Debug|Any CPU.Build.0 = Debug|Any CPU
		{5EB214E9-0529-4C80-845C-6E799110C216}.Release|Any CPU.ActiveCfg = Release|Any CPU
		{5EB214E9-0529-4C80-845C-6E799110C216}.Release|Any CPU.Build.0 = Release|Any CPU
		{DB9EE31A-445D-40E7-8A91-7CDD6E2D50E0}.Debug|Any CPU.ActiveCfg = Debug|Any CPU
		{DB9EE31A-445D-40E7-8A91-7CDD6E2D50E0}.Debug|Any CPU.Build.0 = Debug|Any CPU
		{DB9EE31A-445D-40E7-8A91-7CDD6E2D50E0}.Release|Any CPU.ActiveCfg = Release|Any CPU
		{DB9EE31A-445D-40E7-8A91-7CDD6E2D50E0}.Release|Any CPU.Build.0 = Release|Any CPU
		{B2E5E047-8E2F-4FF3-84A1-2E93D68A80F9}.Debug|Any CPU.ActiveCfg = Debug|Any CPU
		{B2E5E047-8E2F-4FF3-84A1-2E93D68A80F9}.Debug|Any CPU.Build.0 = Debug|Any CPU
		{B2E5E047-8E2F-4FF3-84A1-2E93D68A80F9}.Release|Any CPU.ActiveCfg = Release|Any CPU
		{B2E5E047-8E2F-4FF3-84A1-2E93D68A80F9}.Release|Any CPU.Build.0 = Release|Any CPU
	EndGlobalSection
	GlobalSection(SolutionProperties) = preSolution
		HideSolutionNode = FALSE
	EndGlobalSection
	GlobalSection(NestedProjects) = preSolution
		{25CCC52A-55F0-4C02-A7D6-FC41861E3D08} = {C695654F-6AEC-4B85-94BA-5A4EA201BB24}
		{08ED88FA-F2C0-43A4-829E-985C3990C982} = {C695654F-6AEC-4B85-94BA-5A4EA201BB24}
		{76AC007D-D28E-4BA6-8B4E-721DC46C4905} = {EDF05D0F-D3AB-47D4-A807-6F69D367C71C}
		{6BD8D1E2-A6CE-40B9-9A84-455336CF8034} = {C695654F-6AEC-4B85-94BA-5A4EA201BB24}
		{4F518E89-A612-4ED7-AF50-5AD2C87B9DC4} = {C695654F-6AEC-4B85-94BA-5A4EA201BB24}
		{E940956C-BD2C-4720-BD6C-5798FBF81C02} = {C695654F-6AEC-4B85-94BA-5A4EA201BB24}
		{C770F9E5-9F2D-4869-AF1C-AE7E2BE2886B} = {76AC007D-D28E-4BA6-8B4E-721DC46C4905}
		{E6783A26-49E1-456E-AC83-AE42F9D4F8C4} = {76AC007D-D28E-4BA6-8B4E-721DC46C4905}
		{5EB214E9-0529-4C80-845C-6E799110C216} = {76AC007D-D28E-4BA6-8B4E-721DC46C4905}
		{DB9EE31A-445D-40E7-8A91-7CDD6E2D50E0} = {76AC007D-D28E-4BA6-8B4E-721DC46C4905}
		{B2E5E047-8E2F-4FF3-84A1-2E93D68A80F9} = {C695654F-6AEC-4B85-94BA-5A4EA201BB24}
	EndGlobalSection
EndGlobal
